
Microsoft Visual Studio Solution File, Format Version 12.00
# Visual Studio Version 16
VisualStudioVersion = 16.0.30621.155
MinimumVisualStudioVersion = 10.0.40219.1
Project("{FAE04EC0-301F-11D3-BF4B-00C04F79EFBC}") = "question02", "question02\question02.csproj", "{89F9790C-D761-4F05-9EF9-FF8DE7B71C98}"
EndProject
Global
	GlobalSection(SolutionConfigurationPlatforms) = preSolution
		Debug|Any CPU = Debug|Any CPU
		Release|Any CPU = Release|Any CPU
	EndGlobalSection
	GlobalSection(ProjectConfigurationPlatforms) = postSolution
		{89F9790C-D761-4F05-9EF9-FF8DE7B71C98}.Debug|Any CPU.ActiveCfg = Debug|Any CPU
		{89F9790C-D761-4F05-9EF9-FF8DE7B71C98}.Debug|Any CPU.Build.0 = Debug|Any CPU
		{89F9790C-D761-4F05-9EF9-FF8DE7B71C98}.Release|Any CPU.ActiveCfg = Release|Any CPU
		{89F9790C-D761-4F05-9EF9-FF8DE7B71C98}.Release|Any CPU.Build.0 = Release|Any CPU
	EndGlobalSection
	GlobalSection(SolutionProperties) = preSolution
		HideSolutionNode = FALSE
	EndGlobalSection
	GlobalSection(ExtensibilityGlobals) = postSolution
		SolutionGuid = {0FC37027-523A-491F-A2F9-F618876BF6A7}
	EndGlobalSection
EndGlobal
